
Microsoft Visual Studio Solution File, Format Version 12.00
# Visual Studio Version 17
VisualStudioVersion = 17.12.35527.113
MinimumVisualStudioVersion = 10.0.40219.1
Project("{FAE04EC0-301F-11D3-BF4B-00C04F79EFBC}") = "My_Pokedex", "My_Pokedex.csproj", "{E9996D92-2246-4490-ADD8-20973BFAFC28}"
EndProject
Project("{FAE04EC0-301F-11D3-BF4B-00C04F79EFBC}") = "Domain", "..\Domain\Domain.csproj", "{DE0A92F2-184B-47DD-A5CF-AA2518C0F2C7}"
EndProject
Project("{FAE04EC0-301F-11D3-BF4B-00C04F79EFBC}") = "Business", "..\Business\Business.csproj", "{B2F0F920-DA43-49DF-81DC-71442E80DFED}"
EndProject
Project("{FAE04EC0-301F-11D3-BF4B-00C04F79EFBC}") = "DataAccess", "..\DataAccess\DataAccess.csproj", "{96AF4402-F742-49F9-A2EF-CEE75D9716C6}"
EndProject
Global
	GlobalSection(SolutionConfigurationPlatforms) = preSolution
		Debug|Any CPU = Debug|Any CPU
		Release|Any CPU = Release|Any CPU
	EndGlobalSection
	GlobalSection(ProjectConfigurationPlatforms) = postSolution
		{E9996D92-2246-4490-ADD8-20973BFAFC28}.Debug|Any CPU.ActiveCfg = Debug|Any CPU
		{E9996D92-2246-4490-ADD8-20973BFAFC28}.Debug|Any CPU.Build.0 = Debug|Any CPU
		{E9996D92-2246-4490-ADD8-20973BFAFC28}.Release|Any CPU.ActiveCfg = Release|Any CPU
		{E9996D92-2246-4490-ADD8-20973BFAFC28}.Release|Any CPU.Build.0 = Release|Any CPU
		{DE0A92F2-184B-47DD-A5CF-AA2518C0F2C7}.Debug|Any CPU.ActiveCfg = Debug|Any CPU
		{DE0A92F2-184B-47DD-A5CF-AA2518C0F2C7}.Debug|Any CPU.Build.0 = Debug|Any CPU
		{DE0A92F2-184B-47DD-A5CF-AA2518C0F2C7}.Release|Any CPU.ActiveCfg = Release|Any CPU
		{DE0A92F2-184B-47DD-A5CF-AA2518C0F2C7}.Release|Any CPU.Build.0 = Release|Any CPU
		{B2F0F920-DA43-49DF-81DC-71442E80DFED}.Debug|Any CPU.ActiveCfg = Debug|Any CPU
		{B2F0F920-DA43-49DF-81DC-71442E80DFED}.Debug|Any CPU.Build.0 = Debug|Any CPU
		{B2F0F920-DA43-49DF-81DC-71442E80DFED}.Release|Any CPU.ActiveCfg = Release|Any CPU
		{B2F0F920-DA43-49DF-81DC-71442E80DFED}.Release|Any CPU.Build.0 = Release|Any CPU
		{96AF4402-F742-49F9-A2EF-CEE75D9716C6}.Debug|Any CPU.ActiveCfg = Debug|Any CPU
		{96AF4402-F742-49F9-A2EF-CEE75D9716C6}.Debug|Any CPU.Build.0 = Debug|Any CPU
		{96AF4402-F742-49F9-A2EF-CEE75D9716C6}.Release|Any CPU.ActiveCfg = Release|Any CPU
		{96AF4402-F742-49F9-A2EF-CEE75D9716C6}.Release|Any CPU.Build.0 = Release|Any CPU
	EndGlobalSection
	GlobalSection(SolutionProperties) = preSolution
		HideSolutionNode = FALSE
	EndGlobalSection
EndGlobal
